{
  "version": 4,
  "terraform_version": "0.12.9",
  "serial": 41,
  "lineage": "ae401f9f-db04-78f8-2d9d-f5c19d8aa2c3",
  "outputs": {},
  "resources": [
    {
      "module": "module.iam",
      "mode": "managed",
      "type": "google_project_iam_binding",
      "name": "self",
      "each": "list",
      "provider": "provider.google",
      "instances": []
    },
    {
      "module": "module.iam",
      "mode": "managed",
      "type": "google_project_iam_custom_role",
      "name": "self",
      "each": "list",
      "provider": "provider.google",
      "instances": [
        {
          "index_key": 0,
          "schema_version": 0,
          "attributes": {
            "deleted": false,
            "description": "",
            "id": "projects/gcp-trial-254611/roles/custom_role",
            "permissions": [
              "iam.roles.get",
              "iam.roles.list"
            ],
            "project": "gcp-trial-254611",
            "role_id": "custom_role",
            "stage": "GA",
            "title": "custom_role"
          },
          "private": "bnVsbA=="
        }
      ]
    },
    {
      "module": "module.iam",
      "mode": "managed",
      "type": "google_service_account",
      "name": "self",
      "each": "list",
      "provider": "provider.google",
      "instances": [
        {
          "index_key": 0,
          "schema_version": 0,
          "attributes": {
            "account_id": "demo-service-account-1",
            "display_name": "demo-service-account-1",
            "email": "demo-service-account-1@gcp-trial-254611.iam.gserviceaccount.com",
            "id": "projects/gcp-trial-254611/serviceAccounts/demo-service-account-1@gcp-trial-254611.iam.gserviceaccount.com",
            "name": "projects/gcp-trial-254611/serviceAccounts/demo-service-account-1@gcp-trial-254611.iam.gserviceaccount.com",
            "policy_data": null,
            "project": "gcp-trial-254611",
            "unique_id": "111438763667561032131"
          },
          "private": "bnVsbA=="
        },
        {
          "index_key": 1,
          "schema_version": 0,
          "attributes": {
            "account_id": "demo-service-account-2",
            "display_name": "demo-service-account-2",
            "email": "demo-service-account-2@gcp-trial-254611.iam.gserviceaccount.com",
            "id": "projects/gcp-trial-254611/serviceAccounts/demo-service-account-2@gcp-trial-254611.iam.gserviceaccount.com",
            "name": "projects/gcp-trial-254611/serviceAccounts/demo-service-account-2@gcp-trial-254611.iam.gserviceaccount.com",
            "policy_data": null,
            "project": "gcp-trial-254611",
            "unique_id": "111275419276668682547"
          },
          "private": "bnVsbA=="
        }
      ]
    }
  ]
}
